// !$*UTF8*$!
{
	archiveVersion = 1;
	classes = {
	};
	objectVersion = 50;
	objects = {

/* Begin PBXBuildFile section */
		9907987524D98976002547D3 /* AppDelegate.swift in Sources */ = {isa = PBXBuildFile; fileRef = 9907987424D98976002547D3 /* AppDelegate.swift */; };
		9907987724D98976002547D3 /* SceneDelegate.swift in Sources */ = {isa = PBXBuildFile; fileRef = 9907987624D98976002547D3 /* SceneDelegate.swift */; };
		9907987924D98976002547D3 /* ViewController.swift in Sources */ = {isa = PBXBuildFile; fileRef = 9907987824D98976002547D3 /* ViewController.swift */; };
		9907987C24D98976002547D3 /* Main.storyboard in Resources */ = {isa = PBXBuildFile; fileRef = 9907987A24D98976002547D3 /* Main.storyboard */; };
		9907987F24D98976002547D3 /* Sudhir_WeeK10_Core_DataLab.xcdatamodeld in Sources */ = {isa = PBXBuildFile; fileRef = 9907987D24D98976002547D3 /* Sudhir_WeeK10_Core_DataLab.xcdatamodeld */; };
		9907988124D98977002547D3 /* Assets.xcassets in Resources */ = {isa = PBXBuildFile; fileRef = 9907988024D98977002547D3 /* Assets.xcassets */; };
		9907988424D98977002547D3 /* LaunchScreen.storyboard in Resources */ = {isa = PBXBuildFile; fileRef = 9907988224D98977002547D3 /* LaunchScreen.storyboard */; };
		9907988F24D98978002547D3 /* Sudhir_WeeK10_Core_DataLabTests.swift in Sources */ = {isa = PBXBuildFile; fileRef = 9907988E24D98978002547D3 /* Sudhir_WeeK10_Core_DataLabTests.swift */; };
		9907989A24D98978002547D3 /* Sudhir_WeeK10_Core_DataLabUITests.swift in Sources */ = {isa = PBXBuildFile; fileRef = 9907989924D98978002547D3 /* Sudhir_WeeK10_Core_DataLabUITests.swift */; };
/* End PBXBuildFile section */

/* Begin PBXContainerItemProxy section */
		9907988B24D98978002547D3 /* PBXContainerItemProxy */ = {
			isa = PBXContainerItemProxy;
			containerPortal = 9907986924D98976002547D3 /* Project object */;
			proxyType = 1;
			remoteGlobalIDString = 9907987024D98976002547D3;
			remoteInfo = Sudhir_WeeK10_Core_DataLab;
		};
		9907989624D98978002547D3 /* PBXContainerItemProxy */ = {
			isa = PBXContainerItemProxy;
			containerPortal = 9907986924D98976002547D3 /* Project object */;
			proxyType = 1;
			remoteGlobalIDString = 9907987024D98976002547D3;
			remoteInfo = Sudhir_WeeK10_Core_DataLab;
		};
/* End PBXContainerItemProxy section */

/* Begin PBXFileReference section */
		9907987124D98976002547D3 /* Sudhir_WeeK10_Core_DataLab.app */ = {isa = PBXFileReference; explicitFileType = wrapper.application; includeInIndex = 0; path = Sudhir_WeeK10_Core_DataLab.app; sourceTree = BUILT_PRODUCTS_DIR; };
		9907987424D98976002547D3 /* AppDelegate.swift */ = {isa = PBXFileReference; lastKnownFileType = sourcecode.swift; path = AppDelegate.swift; sourceTree = "<group>"; };
		9907987624D98976002547D3 /* SceneDelegate.swift */ = {isa = PBXFileReference; lastKnownFileType = sourcecode.swift; path = SceneDelegate.swift; sourceTree = "<group>"; };
		9907987824D98976002547D3 /* ViewController.swift */ = {isa = PBXFileReference; lastKnownFileType = sourcecode.swift; path = ViewController.swift; sourceTree = "<group>"; };
		9907987B24D98976002547D3 /* Base */ = {isa = PBXFileReference; lastKnownFileType = file.storyboard; name = Base; path = Base.lproj/Main.storyboard; sourceTree = "<group>"; };
		9907987E24D98976002547D3 /* Sudhir_WeeK10_Core_DataLab.xcdatamodel */ = {isa = PBXFileReference; lastKnownFileType = wrapper.xcdatamodel; path = Sudhir_WeeK10_Core_DataLab.xcdatamodel; sourceTree = "<group>"; };
		9907988024D98977002547D3 /* Assets.xcassets */ = {isa = PBXFileReference; lastKnownFileType = folder.assetcatalog; path = Assets.xcassets; sourceTree = "<group>"; };
		9907988324D98977002547D3 /* Base */ = {isa = PBXFileReference; lastKnownFileType = file.storyboard; name = Base; path = Base.lproj/LaunchScreen.storyboard; sourceTree = "<group>"; };
		9907988524D98977002547D3 /* Info.plist */ = {isa = PBXFileReference; lastKnownFileType = text.plist.xml; path = Info.plist; sourceTree = "<group>"; };
		9907988A24D98978002547D3 /* Sudhir_WeeK10_Core_DataLabTests.xctest */ = {isa = PBXFileReference; explicitFileType = wrapper.cfbundle; includeInIndex = 0; path = Sudhir_WeeK10_Core_DataLabTests.xctest; sourceTree = BUILT_PRODUCTS_DIR; };
		9907988E24D98978002547D3 /* Sudhir_WeeK10_Core_DataLabTests.swift */ = {isa = PBXFileReference; lastKnownFileType = sourcecode.swift; path = Sudhir_WeeK10_Core_DataLabTests.swift; sourceTree = "<group>"; };
		9907989024D98978002547D3 /* Info.plist */ = {isa = PBXFileReference; lastKnownFileType = text.plist.xml; path = Info.plist; sourceTree = "<group>"; };
		9907989524D98978002547D3 /* Sudhir_WeeK10_Core_DataLabUITests.xctest */ = {isa = PBXFileReference; explicitFileType = wrapper.cfbundle; includeInIndex = 0; path = Sudhir_WeeK10_Core_DataLabUITests.xctest; sourceTree = BUILT_PRODUCTS_DIR; };
		9907989924D98978002547D3 /* Sudhir_WeeK10_Core_DataLabUITests.swift */ = {isa = PBXFileReference; lastKnownFileType = sourcecode.swift; path = Sudhir_WeeK10_Core_DataLabUITests.swift; sourceTree = "<group>"; };
		9907989B24D98978002547D3 /* Info.plist */ = {isa = PBXFileReference; lastKnownFileType = text.plist.xml; path = Info.plist; sourceTree = "<group>"; };
/* End PBXFileReference section */

/* Begin PBXFrameworksBuildPhase section */
		9907986E24D98976002547D3 /* Frameworks */ = {
			isa = PBXFrameworksBuildPhase;
			buildActionMask = 2147483647;
			files = (
			);
			runOnlyForDeploymentPostprocessing = 0;
		};
		9907988724D98978002547D3 /* Frameworks */ = {
			isa = PBXFrameworksBuildPhase;
			buildActionMask = 2147483647;
			files = (
			);
			runOnlyForDeploymentPostprocessing = 0;
		};
		9907989224D98978002547D3 /* Frameworks */ = {
			isa = PBXFrameworksBuildPhase;
			buildActionMask = 2147483647;
			files = (
			);
			runOnlyForDeploymentPostprocessing = 0;
		};
/* End PBXFrameworksBuildPhase section */

/* Begin PBXGroup section */
		9907986824D98976002547D3 = {
			isa = PBXGroup;
			children = (
				9907987324D98976002547D3 /* Sudhir_WeeK10_Core_DataLab */,
				9907988D24D98978002547D3 /* Sudhir_WeeK10_Core_DataLabTests */,
				9907989824D98978002547D3 /* Sudhir_WeeK10_Core_DataLabUITests */,
				9907987224D98976002547D3 /* Products */,
			);
			sourceTree = "<group>";
		};
		9907987224D98976002547D3 /* Products */ = {
			isa = PBXGroup;
			children = (
				9907987124D98976002547D3 /* Sudhir_WeeK10_Core_DataLab.app */,
				9907988A24D98978002547D3 /* Sudhir_WeeK10_Core_DataLabTests.xctest */,
				9907989524D98978002547D3 /* Sudhir_WeeK10_Core_DataLabUITests.xctest */,
			);
			name = Products;
			sourceTree = "<group>";
		};
		9907987324D98976002547D3 /* Sudhir_WeeK10_Core_DataLab */ = {
			isa = PBXGroup;
			children = (
				9907987424D98976002547D3 /* AppDelegate.swift */,
				9907987624D98976002547D3 /* SceneDelegate.swift */,
				9907987824D98976002547D3 /* ViewController.swift */,
				9907987A24D98976002547D3 /* Main.storyboard */,
				9907988024D98977002547D3 /* Assets.xcassets */,
				9907988224D98977002547D3 /* LaunchScreen.storyboard */,
				9907988524D98977002547D3 /* Info.plist */,
				9907987D24D98976002547D3 /* Sudhir_WeeK10_Core_DataLab.xcdatamodeld */,
			);
			path = Sudhir_WeeK10_Core_DataLab;
			sourceTree = "<group>";
		};
		9907988D24D98978002547D3 /* Sudhir_WeeK10_Core_DataLabTests */ = {
			isa = PBXGroup;
			children = (
				9907988E24D98978002547D3 /* Sudhir_WeeK10_Core_DataLabTests.swift */,
				9907989024D98978002547D3 /* Info.plist */,
			);
			path = Sudhir_WeeK10_Core_DataLabTests;
			sourceTree = "<group>";
		};
		9907989824D98978002547D3 /* Sudhir_WeeK10_Core_DataLabUITests */ = {
			isa = PBXGroup;
			children = (
				9907989924D98978002547D3 /* Sudhir_WeeK10_Core_DataLabUITests.swift */,
				9907989B24D98978002547D3 /* Info.plist */,
			);
			path = Sudhir_WeeK10_Core_DataLabUITests;
			sourceTree = "<group>";
		};
/* End PBXGroup section */

/* Begin PBXNativeTarget section */
		9907987024D98976002547D3 /* Sudhir_WeeK10_Core_DataLab */ = {
			isa = PBXNativeTarget;
			buildConfigurationList = 9907989E24D98978002547D3 /* Build configuration list for PBXNativeTarget "Sudhir_WeeK10_Core_DataLab" */;
			buildPhases = (
				9907986D24D98976002547D3 /* Sources */,
				9907986E24D98976002547D3 /* Frameworks */,
				9907986F24D98976002547D3 /* Resources */,
			);
			buildRules = (
			);
			dependencies = (
			);
			name = Sudhir_WeeK10_Core_DataLab;
			productName = Sudhir_WeeK10_Core_DataLab;
			productReference = 9907987124D98976002547D3 /* Sudhir_WeeK10_Core_DataLab.app */;
			productType = "com.apple.product-type.application";
		};
		9907988924D98978002547D3 /* Sudhir_WeeK10_Core_DataLabTests */ = {
			isa = PBXNativeTarget;
			buildConfigurationList = 990798A124D98978002547D3 /* Build configuration list for PBXNativeTarget "Sudhir_WeeK10_Core_DataLabTests" */;
			buildPhases = (
				9907988624D98978002547D3 /* Sources */,
				9907988724D98978002547D3 /* Frameworks */,
				9907988824D98978002547D3 /* Resources */,
			);
			buildRules = (
			);
			dependencies = (
				9907988C24D98978002547D3 /* PBXTargetDependency */,
			);
			name = Sudhir_WeeK10_Core_DataLabTests;
			productName = Sudhir_WeeK10_Core_DataLabTests;
			productReference = 9907988A24D98978002547D3 /* Sudhir_WeeK10_Core_DataLabTests.xctest */;
			productType = "com.apple.product-type.bundle.unit-test";
		};
		9907989424D98978002547D3 /* Sudhir_WeeK10_Core_DataLabUITests */ = {
			isa = PBXNativeTarget;
			buildConfigurationList = 990798A424D98978002547D3 /* Build configuration list for PBXNativeTarget "Sudhir_WeeK10_Core_DataLabUITests" */;
			buildPhases = (
				9907989124D98978002547D3 /* Sources */,
				9907989224D98978002547D3 /* Frameworks */,
				9907989324D98978002547D3 /* Resources */,
			);
			buildRules = (
			);
			dependencies = (
				9907989724D98978002547D3 /* PBXTargetDependency */,
			);
			name = Sudhir_WeeK10_Core_DataLabUITests;
			productName = Sudhir_WeeK10_Core_DataLabUITests;
			productReference = 9907989524D98978002547D3 /* Sudhir_WeeK10_Core_DataLabUITests.xctest */;
			productType = "com.apple.product-type.bundle.ui-testing";
		};
/* End PBXNativeTarget section */

/* Begin PBXProject section */
		9907986924D98976002547D3 /* Project object */ = {
			isa = PBXProject;
			attributes = {
				LastSwiftUpdateCheck = 1130;
				LastUpgradeCheck = 1130;
				ORGANIZATIONNAME = "n01324321 Sudhir";
				TargetAttributes = {
					9907987024D98976002547D3 = {
						CreatedOnToolsVersion = 11.3.1;
					};
					9907988924D98978002547D3 = {
						CreatedOnToolsVersion = 11.3.1;
						TestTargetID = 9907987024D98976002547D3;
					};
					9907989424D98978002547D3 = {
						CreatedOnToolsVersion = 11.3.1;
						TestTargetID = 9907987024D98976002547D3;
					};
				};
			};
			buildConfigurationList = 9907986C24D98976002547D3 /* Build configuration list for PBXProject "Sudhir_WeeK10_Core_DataLab" */;
			compatibilityVersion = "Xcode 9.3";
			developmentRegion = en;
			hasScannedForEncodings = 0;
			knownRegions = (
				en,
				Base,
			);
			mainGroup = 9907986824D98976002547D3;
			productRefGroup = 9907987224D98976002547D3 /* Products */;
			projectDirPath = "";
			projectRoot = "";
			targets = (
				9907987024D98976002547D3 /* Sudhir_WeeK10_Core_DataLab */,
				9907988924D98978002547D3 /* Sudhir_WeeK10_Core_DataLabTests */,
				9907989424D98978002547D3 /* Sudhir_WeeK10_Core_DataLabUITests */,
			);
		};
/* End PBXProject section */

/* Begin PBXResourcesBuildPhase section */
		9907986F24D98976002547D3 /* Resources */ = {
			isa = PBXResourcesBuildPhase;
			buildActionMask = 2147483647;
			files = (
				9907988424D98977002547D3 /* LaunchScreen.storyboard in Resources */,
				9907988124D98977002547D3 /* Assets.xcassets in Resources */,
				9907987C24D98976002547D3 /* Main.storyboard in Resources */,
			);
			runOnlyForDeploymentPostprocessing = 0;
		};
		9907988824D98978002547D3 /* Resources */ = {
			isa = PBXResourcesBuildPhase;
			buildActionMask = 2147483647;
			files = (
			);
			runOnlyForDeploymentPostprocessing = 0;
		};
		9907989324D98978002547D3 /* Resources */ = {
			isa = PBXResourcesBuildPhase;
			buildActionMask = 2147483647;
			files = (
			);
			runOnlyForDeploymentPostprocessing = 0;
		};
/* End PBXResourcesBuildPhase section */

/* Begin PBXSourcesBuildPhase section */
		9907986D24D98976002547D3 /* Sources */ = {
			isa = PBXSourcesBuildPhase;
			buildActionMask = 2147483647;
			files = (
				9907987924D98976002547D3 /* ViewController.swift in Sources */,
				9907987524D98976002547D3 /* AppDelegate.swift in Sources */,
				9907987F24D98976002547D3 /* Sudhir_WeeK10_Core_DataLab.xcdatamodeld in Sources */,
				9907987724D98976002547D3 /* SceneDelegate.swift in Sources */,
			);
			runOnlyForDeploymentPostprocessing = 0;
		};
		9907988624D98978002547D3 /* Sources */ = {
			isa = PBXSourcesBuildPhase;
			buildActionMask = 2147483647;
			files = (
				9907988F24D98978002547D3 /* Sudhir_WeeK10_Core_DataLabTests.swift in Sources */,
			);
			runOnlyForDeploymentPostprocessing = 0;
		};
		9907989124D98978002547D3 /* Sources */ = {
			isa = PBXSourcesBuildPhase;
			buildActionMask = 2147483647;
			files = (
				9907989A24D98978002547D3 /* Sudhir_WeeK10_Core_DataLabUITests.swift in Sources */,
			);
			runOnlyForDeploymentPostprocessing = 0;
		};
/* End PBXSourcesBuildPhase section */

/* Begin PBXTargetDependency section */
		9907988C24D98978002547D3 /* PBXTargetDependency */ = {
			isa = PBXTargetDependency;
			target = 9907987024D98976002547D3 /* Sudhir_WeeK10_Core_DataLab */;
			targetProxy = 9907988B24D98978002547D3 /* PBXContainerItemProxy */;
		};
		9907989724D98978002547D3 /* PBXTargetDependency */ = {
			isa = PBXTargetDependency;
			target = 9907987024D98976002547D3 /* Sudhir_WeeK10_Core_DataLab */;
			targetProxy = 9907989624D98978002547D3 /* PBXContainerItemProxy */;
		};
/* End PBXTargetDependency section */

/* Begin PBXVariantGroup section */
		9907987A24D98976002547D3 /* Main.storyboard */ = {
			isa = PBXVariantGroup;
			children = (
				9907987B24D98976002547D3 /* Base */,
			);
			name = Main.storyboard;
			sourceTree = "<group>";
		};
		9907988224D98977002547D3 /* LaunchScreen.storyboard */ = {
			isa = PBXVariantGroup;
			children = (
				9907988324D98977002547D3 /* Base */,
			);
			name = LaunchScreen.storyboard;
			sourceTree = "<group>";
		};
/* End PBXVariantGroup section */

/* Begin XCBuildConfiguration section */
		9907989C24D98978002547D3 /* Debug */ = {
			isa = XCBuildConfiguration;
			buildSettings = {
				ALWAYS_SEARCH_USER_PATHS = NO;
				CLANG_ANALYZER_NONNULL = YES;
				CLANG_ANALYZER_NUMBER_OBJECT_CONVERSION = YES_AGGRESSIVE;
				CLANG_CXX_LANGUAGE_STANDARD = "gnu++14";
				CLANG_CXX_LIBRARY = "libc++";
				CLANG_ENABLE_MODULES = YES;
				CLANG_ENABLE_OBJC_ARC = YES;
				CLANG_ENABLE_OBJC_WEAK = YES;
				CLANG_WARN_BLOCK_CAPTURE_AUTORELEASING = YES;
				CLANG_WARN_BOOL_CONVERSION = YES;
				CLANG_WARN_COMMA = YES;
				CLANG_WARN_CONSTANT_CONVERSION = YES;
				CLANG_WARN_DEPRECATED_OBJC_IMPLEMENTATIONS = YES;
				CLANG_WARN_DIRECT_OBJC_ISA_USAGE = YES_ERROR;
				CLANG_WARN_DOCUMENTATION_COMMENTS = YES;
				CLANG_WARN_EMPTY_BODY = YES;
				CLANG_WARN_ENUM_CONVERSION = YES;
				CLANG_WARN_INFINITE_RECURSION = YES;
				CLANG_WARN_INT_CONVERSION = YES;
				CLANG_WARN_NON_LITERAL_NULL_CONVERSION = YES;
				CLANG_WARN_OBJC_IMPLICIT_RETAIN_SELF = YES;
				CLANG_WARN_OBJC_LITERAL_CONVERSION = YES;
				CLANG_WARN_OBJC_ROOT_CLASS = YES_ERROR;
				CLANG_WARN_RANGE_LOOP_ANALYSIS = YES;
				CLANG_WARN_STRICT_PROTOTYPES = YES;
				CLANG_WARN_SUSPICIOUS_MOVE = YES;
				CLANG_WARN_UNGUARDED_AVAILABILITY = YES_AGGRESSIVE;
				CLANG_WARN_UNREACHABLE_CODE = YES;
				CLANG_WARN__DUPLICATE_METHOD_MATCH = YES;
				COPY_PHASE_STRIP = NO;
				DEBUG_INFORMATION_FORMAT = dwarf;
				ENABLE_STRICT_OBJC_MSGSEND = YES;
				ENABLE_TESTABILITY = YES;
				GCC_C_LANGUAGE_STANDARD = gnu11;
				GCC_DYNAMIC_NO_PIC = NO;
				GCC_NO_COMMON_BLOCKS = YES;
				GCC_OPTIMIZATION_LEVEL = 0;
				GCC_PREPROCESSOR_DEFINITIONS = (
					"DEBUG=1",
					"$(inherited)",
				);
				GCC_WARN_64_TO_32_BIT_CONVERSION = YES;
				GCC_WARN_ABOUT_RETURN_TYPE = YES_ERROR;
				GCC_WARN_UNDECLARED_SELECTOR = YES;
				GCC_WARN_UNINITIALIZED_AUTOS = YES_AGGRESSIVE;
				GCC_WARN_UNUSED_FUNCTION = YES;
				GCC_WARN_UNUSED_VARIABLE = YES;
				IPHONEOS_DEPLOYMENT_TARGET = 13.2;
				MTL_ENABLE_DEBUG_INFO = INCLUDE_SOURCE;
				MTL_FAST_MATH = YES;
				ONLY_ACTIVE_ARCH = YES;
				SDKROOT = iphoneos;
				SWIFT_ACTIVE_COMPILATION_CONDITIONS = DEBUG;
				SWIFT_OPTIMIZATION_LEVEL = "-Onone";
			};
			name = Debug;
		};
		9907989D24D98978002547D3 /* Release */ = {
			isa = XCBuildConfiguration;
			buildSettings = {
				ALWAYS_SEARCH_USER_PATHS = NO;
				CLANG_ANALYZER_NONNULL = YES;
				CLANG_ANALYZER_NUMBER_OBJECT_CONVERSION = YES_AGGRESSIVE;
				CLANG_CXX_LANGUAGE_STANDARD = "gnu++14";
				CLANG_CXX_LIBRARY = "libc++";
				CLANG_ENABLE_MODULES = YES;
				CLANG_ENABLE_OBJC_ARC = YES;
				CLANG_ENABLE_OBJC_WEAK = YES;
				CLANG_WARN_BLOCK_CAPTURE_AUTORELEASING = YES;
				CLANG_WARN_BOOL_CONVERSION = YES;
				CLANG_WARN_COMMA = YES;
				CLANG_WARN_CONSTANT_CONVERSION = YES;
				CLANG_WARN_DEPRECATED_OBJC_IMPLEMENTATIONS = YES;
				CLANG_WARN_DIRECT_OBJC_ISA_USAGE = YES_ERROR;
				CLANG_WARN_DOCUMENTATION_COMMENTS = YES;
				CLANG_WARN_EMPTY_BODY = YES;
				CLANG_WARN_ENUM_CONVERSION = YES;
				CLANG_WARN_INFINITE_RECURSION = YES;
				CLANG_WARN_INT_CONVERSION = YES;
				CLANG_WARN_NON_LITERAL_NULL_CONVERSION = YES;
				CLANG_WARN_OBJC_IMPLICIT_RETAIN_SELF = YES;
				CLANG_WARN_OBJC_LITERAL_CONVERSION = YES;
				CLANG_WARN_OBJC_ROOT_CLASS = YES_ERROR;
				CLANG_WARN_RANGE_LOOP_ANALYSIS = YES;
				CLANG_WARN_STRICT_PROTOTYPES = YES;
				CLANG_WARN_SUSPICIOUS_MOVE = YES;
				CLANG_WARN_UNGUARDED_AVAILABILITY = YES_AGGRESSIVE;
				CLANG_WARN_UNREACHABLE_CODE = YES;
				CLANG_WARN__DUPLICATE_METHOD_MATCH = YES;
				COPY_PHASE_STRIP = NO;
				DEBUG_INFORMATION_FORMAT = "dwarf-with-dsym";
				ENABLE_NS_ASSERTIONS = NO;
				ENABLE_STRICT_OBJC_MSGSEND = YES;
				GCC_C_LANGUAGE_STANDARD = gnu11;
				GCC_NO_COMMON_BLOCKS = YES;
				GCC_WARN_64_TO_32_BIT_CONVERSION = YES;
				GCC_WARN_ABOUT_RETURN_TYPE = YES_ERROR;
				GCC_WARN_UNDECLARED_SELECTOR = YES;
				GCC_WARN_UNINITIALIZED_AUTOS = YES_AGGRESSIVE;
				GCC_WARN_UNUSED_FUNCTION = YES;
				GCC_WARN_UNUSED_VARIABLE = YES;
				IPHONEOS_DEPLOYMENT_TARGET = 13.2;
				MTL_ENABLE_DEBUG_INFO = NO;
				MTL_FAST_MATH = YES;
				SDKROOT = iphoneos;
				SWIFT_COMPILATION_MODE = wholemodule;
				SWIFT_OPTIMIZATION_LEVEL = "-O";
				VALIDATE_PRODUCT = YES;
			};
			name = Release;
		};
		9907989F24D98978002547D3 /* Debug */ = {
			isa = XCBuildConfiguration;
			buildSettings = {
				ASSETCATALOG_COMPILER_APPICON_NAME = AppIcon;
				CODE_SIGN_STYLE = Automatic;
				INFOPLIST_FILE = Sudhir_WeeK10_Core_DataLab/Info.plist;
				LD_RUNPATH_SEARCH_PATHS = (
					"$(inherited)",
					"@executable_path/Frameworks",
				);
				PRODUCT_BUNDLE_IDENTIFIER = "Sudhir.Sudhir-WeeK10-Core-DataLab";
				PRODUCT_NAME = "$(TARGET_NAME)";
				SWIFT_VERSION = 5.0;
				TARGETED_DEVICE_FAMILY = "1,2";
			};
			name = Debug;
		};
		990798A024D98978002547D3 /* Release */ = {
			isa = XCBuildConfiguration;
			buildSettings = {
				ASSETCATALOG_COMPILER_APPICON_NAME = AppIcon;
				CODE_SIGN_STYLE = Automatic;
				INFOPLIST_FILE = Sudhir_WeeK10_Core_DataLab/Info.plist;
				LD_RUNPATH_SEARCH_PATHS = (
					"$(inherited)",
					"@executable_path/Frameworks",
				);
				PRODUCT_BUNDLE_IDENTIFIER = "Sudhir.Sudhir-WeeK10-Core-DataLab";
				PRODUCT_NAME = "$(TARGET_NAME)";
				SWIFT_VERSION = 5.0;
				TARGETED_DEVICE_FAMILY = "1,2";
			};
			name = Release;
		};
		990798A224D98978002547D3 /* Debug */ = {
			isa = XCBuildConfiguration;
			buildSettings = {
				ALWAYS_EMBED_SWIFT_STANDARD_LIBRARIES = YES;
				BUNDLE_LOADER = "$(TEST_HOST)";
				CODE_SIGN_STYLE = Automatic;
				INFOPLIST_FILE = Sudhir_WeeK10_Core_DataLabTests/Info.plist;
				IPHONEOS_DEPLOYMENT_TARGET = 13.2;
				LD_RUNPATH_SEARCH_PATHS = (
					"$(inherited)",
					"@executable_path/Frameworks",
					"@loader_path/Frameworks",
				);
				PRODUCT_BUNDLE_IDENTIFIER = "Sudhir.Sudhir-WeeK10-Core-DataLabTests";
				PRODUCT_NAME = "$(TARGET_NAME)";
				SWIFT_VERSION = 5.0;
				TARGETED_DEVICE_FAMILY = "1,2";
				TEST_HOST = "$(BUILT_PRODUCTS_DIR)/Sudhir_WeeK10_Core_DataLab.app/Sudhir_WeeK10_Core_DataLab";
			};
			name = Debug;
		};
		990798A324D98978002547D3 /* Release */ = {
			isa = XCBuildConfiguration;
			buildSettings = {
				ALWAYS_EMBED_SWIFT_STANDARD_LIBRARIES = YES;
				BUNDLE_LOADER = "$(TEST_HOST)";
				CODE_SIGN_STYLE = Automatic;
				INFOPLIST_FILE = Sudhir_WeeK10_Core_DataLabTests/Info.plist;
				IPHONEOS_DEPLOYMENT_TARGET = 13.2;
				LD_RUNPATH_SEARCH_PATHS = (
					"$(inherited)",
					"@executable_path/Frameworks",
					"@loader_path/Frameworks",
				);
				PRODUCT_BUNDLE_IDENTIFIER = "Sudhir.Sudhir-WeeK10-Core-DataLabTests";
				PRODUCT_NAME = "$(TARGET_NAME)";
				SWIFT_VERSION = 5.0;
				TARGETED_DEVICE_FAMILY = "1,2";
				TEST_HOST = "$(BUILT_PRODUCTS_DIR)/Sudhir_WeeK10_Core_DataLab.app/Sudhir_WeeK10_Core_DataLab";
			};
			name = Release;
		};
		990798A524D98978002547D3 /* Debug */ = {
			isa = XCBuildConfiguration;
			buildSettings = {
				ALWAYS_EMBED_SWIFT_STANDARD_LIBRARIES = YES;
				CODE_SIGN_STYLE = Automatic;
				INFOPLIST_FILE = Sudhir_WeeK10_Core_DataLabUITests/Info.plist;
				LD_RUNPATH_SEARCH_PATHS = (
					"$(inherited)",
					"@executable_path/Frameworks",
					"@loader_path/Frameworks",
				);
				PRODUCT_BUNDLE_IDENTIFIER = "Sudhir.Sudhir-WeeK10-Core-DataLabUITests";
				PRODUCT_NAME = "$(TARGET_NAME)";
				SWIFT_VERSION = 5.0;
				TARGETED_DEVICE_FAMILY = "1,2";
				TEST_TARGET_NAME = Sudhir_WeeK10_Core_DataLab;
			};
			name = Debug;
		};
		990798A624D98978002547D3 /* Release */ = {
			isa = XCBuildConfiguration;
			buildSettings = {
				ALWAYS_EMBED_SWIFT_STANDARD_LIBRARIES = YES;
				CODE_SIGN_STYLE = Automatic;
				INFOPLIST_FILE = Sudhir_WeeK10_Core_DataLabUITests/Info.plist;
				LD_RUNPATH_SEARCH_PATHS = (
					"$(inherited)",
					"@executable_path/Frameworks",
					"@loader_path/Frameworks",
				);
				PRODUCT_BUNDLE_IDENTIFIER = "Sudhir.Sudhir-WeeK10-Core-DataLabUITests";
				PRODUCT_NAME = "$(TARGET_NAME)";
				SWIFT_VERSION = 5.0;
				TARGETED_DEVICE_FAMILY = "1,2";
				TEST_TARGET_NAME = Sudhir_WeeK10_Core_DataLab;
			};
			name = Release;
		};
/* End XCBuildConfiguration section */

/* Begin XCConfigurationList section */
		9907986C24D98976002547D3 /* Build configuration list for PBXProject "Sudhir_WeeK10_Core_DataLab" */ = {
			isa = XCConfigurationList;
			buildConfigurations = (
				9907989C24D98978002547D3 /* Debug */,
				9907989D24D98978002547D3 /* Release */,
			);
			defaultConfigurationIsVisible = 0;
			defaultConfigurationName = Release;
		};
		9907989E24D98978002547D3 /* Build configuration list for PBXNativeTarget "Sudhir_WeeK10_Core_DataLab" */ = {
			isa = XCConfigurationList;
			buildConfigurations = (
				9907989F24D98978002547D3 /* Debug */,
				990798A024D98978002547D3 /* Release */,
			);
			defaultConfigurationIsVisible = 0;
			defaultConfigurationName = Release;
		};
		990798A124D98978002547D3 /* Build configuration list for PBXNativeTarget "Sudhir_WeeK10_Core_DataLabTests" */ = {
			isa = XCConfigurationList;
			buildConfigurations = (
				990798A224D98978002547D3 /* Debug */,
				990798A324D98978002547D3 /* Release */,
			);
			defaultConfigurationIsVisible = 0;
			defaultConfigurationName = Release;
		};
		990798A424D98978002547D3 /* Build configuration list for PBXNativeTarget "Sudhir_WeeK10_Core_DataLabUITests" */ = {
			isa = XCConfigurationList;
			buildConfigurations = (
				990798A524D98978002547D3 /* Debug */,
				990798A624D98978002547D3 /* Release */,
			);
			defaultConfigurationIsVisible = 0;
			defaultConfigurationName = Release;
		};
/* End XCConfigurationList section */

/* Begin XCVersionGroup section */
		9907987D24D98976002547D3 /* Sudhir_WeeK10_Core_DataLab.xcdatamodeld */ = {
			isa = XCVersionGroup;
			children = (
				9907987E24D98976002547D3 /* Sudhir_WeeK10_Core_DataLab.xcdatamodel */,
			);
			currentVersion = 9907987E24D98976002547D3 /* Sudhir_WeeK10_Core_DataLab.xcdatamodel */;
			path = Sudhir_WeeK10_Core_DataLab.xcdatamodeld;
			sourceTree = "<group>";
			versionGroupType = wrapper.xcdatamodel;
		};
/* End XCVersionGroup section */
	};
	rootObject = 9907986924D98976002547D3 /* Project object */;
}
